
Microsoft Visual Studio Solution File, Format Version 12.00
# Visual Studio Version 17
VisualStudioVersion = 17.9.34728.123
MinimumVisualStudioVersion = 10.0.40219.1
Project("{FAE04EC0-301F-11D3-BF4B-00C04F79EFBC}") = "VSCode2Msi", "VSCode2Msi.csproj", "{75D860EF-2164-41B4-9CA9-97E1247B270B}"
EndProject
Global
	GlobalSection(SolutionConfigurationPlatforms) = preSolution
		Debug|Any CPU = Debug|Any CPU
		Release|Any CPU = Release|Any CPU
	EndGlobalSection
	GlobalSection(ProjectConfigurationPlatforms) = postSolution
		{75D860EF-2164-41B4-9CA9-97E1247B270B}.Debug|Any CPU.ActiveCfg = Debug|Any CPU
		{75D860EF-2164-41B4-9CA9-97E1247B270B}.Debug|Any CPU.Build.0 = Debug|Any CPU
		{75D860EF-2164-41B4-9CA9-97E1247B270B}.Release|Any CPU.ActiveCfg = Release|Any CPU
		{75D860EF-2164-41B4-9CA9-97E1247B270B}.Release|Any CPU.Build.0 = Release|Any CPU
	EndGlobalSection
	GlobalSection(SolutionProperties) = preSolution
		HideSolutionNode = FALSE
	EndGlobalSection
	GlobalSection(ExtensibilityGlobals) = postSolution
		SolutionGuid = {1F9E7A1D-B6F3-4E93-BE4E-AD2569229C79}
	EndGlobalSection
EndGlobal
